
Microsoft Visual Studio Solution File, Format Version 12.00
# Visual Studio Version 17
VisualStudioVersion = 17.6.33723.286
MinimumVisualStudioVersion = 10.0.40219.1
Project("{9A19103F-16F7-4668-BE54-9A1E7A4F7556}") = "01-SimpleDashboard", "01-SimpleDashboard\01-SimpleDashboard.csproj", "{525DA371-099E-455A-B7EB-06593AC1EE57}"
EndProject
Project("{9A19103F-16F7-4668-BE54-9A1E7A4F7556}") = "02-WidgetsExample", "02-WidgetsExample\02-WidgetsExample.csproj", "{EDD07A84-573D-45E1-84D5-5FBA09BE065A}"
EndProject
Project("{9A19103F-16F7-4668-BE54-9A1E7A4F7556}") = "03-DragWidgets", "03-DragWidgets\03-DragWidgets.csproj", "{9C4CD33F-2299-47DD-A14F-901CEC976AEF}"
EndProject
Project("{9A19103F-16F7-4668-BE54-9A1E7A4F7556}") = "04-Tuxbar", "04-Tuxbar\04-Tuxbar.csproj", "{E8CFC136-61F1-4DF7-9CAC-6BC64B623EF4}"
EndProject
Project("{9A19103F-16F7-4668-BE54-9A1E7A4F7556}") = "05-Layout-1", "05-Layout-1\05-Layout-1.csproj", "{2B808240-432B-417A-B12B-1994F0BFCFE2}"
EndProject
Project("{9A19103F-16F7-4668-BE54-9A1E7A4F7556}") = "06-Layout-2", "06-Layout-2\06-Layout-2.csproj", "{9FB31952-7B31-4148-8DC3-2B96CAE3AEF8}"
EndProject
Project("{9A19103F-16F7-4668-BE54-9A1E7A4F7556}") = "07-Add-Widgets", "07-Add-Widgets\07-Add-Widgets.csproj", "{F01A3E72-DEA1-4E67-B626-79CF2162CF95}"
EndProject
Project("{9A19103F-16F7-4668-BE54-9A1E7A4F7556}") = "08-Widget-Toolbar", "08-Widget-Toolbar\08-Widget-Toolbar.csproj", "{9B542AD6-820D-46F0-970C-6AAF4BEDCF8D}"
EndProject
Project("{9A19103F-16F7-4668-BE54-9A1E7A4F7556}") = "09-User-Dashboard", "09-User-Dashboard\09-User-Dashboard.csproj", "{CEC6CA33-46FC-411A-AC30-157DB7D83A1C}"
EndProject
Project("{9A19103F-16F7-4668-BE54-9A1E7A4F7556}") = "10-Default-Dashboards", "10-Default-Dashboards\10-Default-Dashboards.csproj", "{4FA22871-DFA1-4727-9958-64D38FE1A144}"
EndProject
Project("{9A19103F-16F7-4668-BE54-9A1E7A4F7556}") = "11-Default-Widgets", "11-Default-Widgets\11-Default-Widgets.csproj", "{80B04BE1-5ACC-43C6-915F-9D6DF35A3CE6}"
EndProject
Project("{9A19103F-16F7-4668-BE54-9A1E7A4F7556}") = "12-Creating-Widgets", "12-Creating-Widgets\12-Creating-Widgets.csproj", "{01ABA659-00DC-4AF1-8B55-2FBBDCC54ABB}"
EndProject
Global
	GlobalSection(SolutionConfigurationPlatforms) = preSolution
		Debug|Any CPU = Debug|Any CPU
		Release|Any CPU = Release|Any CPU
	EndGlobalSection
	GlobalSection(ProjectConfigurationPlatforms) = postSolution
		{525DA371-099E-455A-B7EB-06593AC1EE57}.Debug|Any CPU.ActiveCfg = Debug|Any CPU
		{525DA371-099E-455A-B7EB-06593AC1EE57}.Debug|Any CPU.Build.0 = Debug|Any CPU
		{525DA371-099E-455A-B7EB-06593AC1EE57}.Release|Any CPU.ActiveCfg = Release|Any CPU
		{525DA371-099E-455A-B7EB-06593AC1EE57}.Release|Any CPU.Build.0 = Release|Any CPU
		{EDD07A84-573D-45E1-84D5-5FBA09BE065A}.Debug|Any CPU.ActiveCfg = Debug|Any CPU
		{EDD07A84-573D-45E1-84D5-5FBA09BE065A}.Debug|Any CPU.Build.0 = Debug|Any CPU
		{EDD07A84-573D-45E1-84D5-5FBA09BE065A}.Release|Any CPU.ActiveCfg = Release|Any CPU
		{EDD07A84-573D-45E1-84D5-5FBA09BE065A}.Release|Any CPU.Build.0 = Release|Any CPU
		{9C4CD33F-2299-47DD-A14F-901CEC976AEF}.Debug|Any CPU.ActiveCfg = Debug|Any CPU
		{9C4CD33F-2299-47DD-A14F-901CEC976AEF}.Debug|Any CPU.Build.0 = Debug|Any CPU
		{9C4CD33F-2299-47DD-A14F-901CEC976AEF}.Release|Any CPU.ActiveCfg = Release|Any CPU
		{9C4CD33F-2299-47DD-A14F-901CEC976AEF}.Release|Any CPU.Build.0 = Release|Any CPU
		{E8CFC136-61F1-4DF7-9CAC-6BC64B623EF4}.Debug|Any CPU.ActiveCfg = Debug|Any CPU
		{E8CFC136-61F1-4DF7-9CAC-6BC64B623EF4}.Debug|Any CPU.Build.0 = Debug|Any CPU
		{E8CFC136-61F1-4DF7-9CAC-6BC64B623EF4}.Release|Any CPU.ActiveCfg = Release|Any CPU
		{E8CFC136-61F1-4DF7-9CAC-6BC64B623EF4}.Release|Any CPU.Build.0 = Release|Any CPU
		{2B808240-432B-417A-B12B-1994F0BFCFE2}.Debug|Any CPU.ActiveCfg = Debug|Any CPU
		{2B808240-432B-417A-B12B-1994F0BFCFE2}.Debug|Any CPU.Build.0 = Debug|Any CPU
		{2B808240-432B-417A-B12B-1994F0BFCFE2}.Release|Any CPU.ActiveCfg = Release|Any CPU
		{2B808240-432B-417A-B12B-1994F0BFCFE2}.Release|Any CPU.Build.0 = Release|Any CPU
		{9FB31952-7B31-4148-8DC3-2B96CAE3AEF8}.Debug|Any CPU.ActiveCfg = Debug|Any CPU
		{9FB31952-7B31-4148-8DC3-2B96CAE3AEF8}.Debug|Any CPU.Build.0 = Debug|Any CPU
		{9FB31952-7B31-4148-8DC3-2B96CAE3AEF8}.Release|Any CPU.ActiveCfg = Release|Any CPU
		{9FB31952-7B31-4148-8DC3-2B96CAE3AEF8}.Release|Any CPU.Build.0 = Release|Any CPU
		{F01A3E72-DEA1-4E67-B626-79CF2162CF95}.Debug|Any CPU.ActiveCfg = Debug|Any CPU
		{F01A3E72-DEA1-4E67-B626-79CF2162CF95}.Debug|Any CPU.Build.0 = Debug|Any CPU
		{F01A3E72-DEA1-4E67-B626-79CF2162CF95}.Release|Any CPU.ActiveCfg = Release|Any CPU
		{F01A3E72-DEA1-4E67-B626-79CF2162CF95}.Release|Any CPU.Build.0 = Release|Any CPU
		{9B542AD6-820D-46F0-970C-6AAF4BEDCF8D}.Debug|Any CPU.ActiveCfg = Debug|Any CPU
		{9B542AD6-820D-46F0-970C-6AAF4BEDCF8D}.Debug|Any CPU.Build.0 = Debug|Any CPU
		{9B542AD6-820D-46F0-970C-6AAF4BEDCF8D}.Release|Any CPU.ActiveCfg = Release|Any CPU
		{9B542AD6-820D-46F0-970C-6AAF4BEDCF8D}.Release|Any CPU.Build.0 = Release|Any CPU
		{CEC6CA33-46FC-411A-AC30-157DB7D83A1C}.Debug|Any CPU.ActiveCfg = Debug|Any CPU
		{CEC6CA33-46FC-411A-AC30-157DB7D83A1C}.Debug|Any CPU.Build.0 = Debug|Any CPU
		{CEC6CA33-46FC-411A-AC30-157DB7D83A1C}.Release|Any CPU.ActiveCfg = Release|Any CPU
		{CEC6CA33-46FC-411A-AC30-157DB7D83A1C}.Release|Any CPU.Build.0 = Release|Any CPU
		{4FA22871-DFA1-4727-9958-64D38FE1A144}.Debug|Any CPU.ActiveCfg = Debug|Any CPU
		{4FA22871-DFA1-4727-9958-64D38FE1A144}.Debug|Any CPU.Build.0 = Debug|Any CPU
		{4FA22871-DFA1-4727-9958-64D38FE1A144}.Release|Any CPU.ActiveCfg = Release|Any CPU
		{4FA22871-DFA1-4727-9958-64D38FE1A144}.Release|Any CPU.Build.0 = Release|Any CPU
		{80B04BE1-5ACC-43C6-915F-9D6DF35A3CE6}.Debug|Any CPU.ActiveCfg = Debug|Any CPU
		{80B04BE1-5ACC-43C6-915F-9D6DF35A3CE6}.Debug|Any CPU.Build.0 = Debug|Any CPU
		{80B04BE1-5ACC-43C6-915F-9D6DF35A3CE6}.Release|Any CPU.ActiveCfg = Release|Any CPU
		{80B04BE1-5ACC-43C6-915F-9D6DF35A3CE6}.Release|Any CPU.Build.0 = Release|Any CPU
		{01ABA659-00DC-4AF1-8B55-2FBBDCC54ABB}.Debug|Any CPU.ActiveCfg = Debug|Any CPU
		{01ABA659-00DC-4AF1-8B55-2FBBDCC54ABB}.Debug|Any CPU.Build.0 = Debug|Any CPU
		{01ABA659-00DC-4AF1-8B55-2FBBDCC54ABB}.Release|Any CPU.ActiveCfg = Release|Any CPU
		{01ABA659-00DC-4AF1-8B55-2FBBDCC54ABB}.Release|Any CPU.Build.0 = Release|Any CPU
	EndGlobalSection
	GlobalSection(SolutionProperties) = preSolution
		HideSolutionNode = FALSE
	EndGlobalSection
	GlobalSection(ExtensibilityGlobals) = postSolution
		SolutionGuid = {5E187164-92A5-48DA-BC84-E20EEB32E02C}
	EndGlobalSection
EndGlobal
